<?xml version="1.0" encoding="utf-8"?>
<Project ToolsVersion="4.0" xmlns="http://schemas.microsoft.com/developer/msbuild/2003">
  <ItemGroup>
    <Filter Include="FileEditor">
      <UniqueIdentifier>{48efb1f4-c669-46da-9206-6077d823fe78}</UniqueIdentifier>
    </Filter>
    <Filter Include="FileTextEditor">
      <UniqueIdentifier>{81837950-99b4-4c8e-b379-3adab879f8ca}</UniqueIdentifier>
    </Filter>
    <Filter Include="NorminetteCorrector">
      <UniqueIdentifier>{d717952e-9351-40b4-9354-b9375cce8d93}</UniqueIdentifier>
    </Filter>
    <Filter Include="NorminetteAuto">
      <UniqueIdentifier>{ce04f902-0480-4f35-bfef-a4a3b335a6ec}</UniqueIdentifier>
    </Filter>
    <Filter Include="Main">
      <UniqueIdentifier>{67DA6AB6-F800-4c08-8B7A-83BB121AAD01}</UniqueIdentifier>
      <Extensions>rc;ico;cur;bmp;dlg;rc2;rct;bin;rgs;gif;jpg;jpeg;jpe;resx;tiff;tif;png;wav;mfcribbon-ms</Extensions>
    </Filter>
    <Filter Include="Data">
      <UniqueIdentifier>{5de5a64c-aa5f-40dc-ad00-9992e47f4441}</UniqueIdentifier>
    </Filter>
    <Filter Include="Header">
      <UniqueIdentifier>{2140b44f-9740-499b-9a01-9f2157aaaaf1}</UniqueIdentifier>
    </Filter>
  </ItemGroup>
  <ItemGroup>
    <ClCompile Include="..\FileEditor\FileEditor.cpp">
      <Filter>FileEditor</Filter>
    </ClCompile>
    <ClCompile Include="..\FileTextEditor\FileTextEditor.cpp">
      <Filter>FileTextEditor</Filter>
    </ClCompile>
    <ClCompile Include="..\NorminetteAuto\NorminetteAuto.cpp">
      <Filter>NorminetteAuto</Filter>
    </ClCompile>
    <ClCompile Include="..\NorminetteCorrector\NorminetteCorrector.cpp">
      <Filter>NorminetteCorrector</Filter>
    </ClCompile>
    <ClCompile Include="..\NorminetteAuto\main.cpp">
      <Filter>Main</Filter>
    </ClCompile>
  </ItemGroup>
  <ItemGroup>
    <ClInclude Include="..\FileEditor\FileEditor.h">
      <Filter>FileEditor</Filter>
    </ClInclude>
    <ClInclude Include="..\FileTextEditor\FileTextEditor.h">
      <Filter>FileTextEditor</Filter>
    </ClInclude>
    <ClInclude Include="..\NorminetteAuto\NorminetteAuto.h">
      <Filter>NorminetteAuto</Filter>
    </ClInclude>
    <ClInclude Include="..\NorminetteCorrector\NorminetteCorrector.h">
      <Filter>NorminetteCorrector</Filter>
    </ClInclude>
    <ClInclude Include="..\Header.h">
      <Filter>Header</Filter>
    </ClInclude>
  </ItemGroup>
  <ItemGroup>
    <Text Include="filename.txt">
      <Filter>Data</Filter>
    </Text>
  </ItemGroup>
</Project>